
Microsoft Visual Studio Solution File, Format Version 12.00
# Visual Studio Version 16
VisualStudioVersion = 16.0.808.6
MinimumVisualStudioVersion = 10.0.40219.1
Project("{FAE04EC0-301F-11D3-BF4B-00C04F79EFBC}") = "blazor_playground.Server", "blazor_playground\Server\blazor_playground.Server.csproj", "{8DBD9BA7-2572-45D4-A982-9909600C7E64}"
EndProject
Project("{FAE04EC0-301F-11D3-BF4B-00C04F79EFBC}") = "blazor_playground.Client", "blazor_playground\Client\blazor_playground.Client.csproj", "{5791E83D-F9B2-4536-A52B-F4A239FEDA75}"
EndProject
Project("{FAE04EC0-301F-11D3-BF4B-00C04F79EFBC}") = "blazor_playground.Shared", "blazor_playground\Shared\blazor_playground.Shared.csproj", "{5837E82E-24B5-4626-86D3-4924849A59F0}"
EndProject
Global
	GlobalSection(SolutionConfigurationPlatforms) = preSolution
		Debug|Any CPU = Debug|Any CPU
		Release|Any CPU = Release|Any CPU
	EndGlobalSection
	GlobalSection(ProjectConfigurationPlatforms) = postSolution
		{8DBD9BA7-2572-45D4-A982-9909600C7E64}.Debug|Any CPU.ActiveCfg = Debug|Any CPU
		{8DBD9BA7-2572-45D4-A982-9909600C7E64}.Debug|Any CPU.Build.0 = Debug|Any CPU
		{8DBD9BA7-2572-45D4-A982-9909600C7E64}.Release|Any CPU.ActiveCfg = Release|Any CPU
		{8DBD9BA7-2572-45D4-A982-9909600C7E64}.Release|Any CPU.Build.0 = Release|Any CPU
		{5791E83D-F9B2-4536-A52B-F4A239FEDA75}.Debug|Any CPU.ActiveCfg = Debug|Any CPU
		{5791E83D-F9B2-4536-A52B-F4A239FEDA75}.Debug|Any CPU.Build.0 = Debug|Any CPU
		{5791E83D-F9B2-4536-A52B-F4A239FEDA75}.Release|Any CPU.ActiveCfg = Release|Any CPU
		{5791E83D-F9B2-4536-A52B-F4A239FEDA75}.Release|Any CPU.Build.0 = Release|Any CPU
		{5837E82E-24B5-4626-86D3-4924849A59F0}.Debug|Any CPU.ActiveCfg = Debug|Any CPU
		{5837E82E-24B5-4626-86D3-4924849A59F0}.Debug|Any CPU.Build.0 = Debug|Any CPU
		{5837E82E-24B5-4626-86D3-4924849A59F0}.Release|Any CPU.ActiveCfg = Release|Any CPU
		{5837E82E-24B5-4626-86D3-4924849A59F0}.Release|Any CPU.Build.0 = Release|Any CPU
	EndGlobalSection
	GlobalSection(SolutionProperties) = preSolution
		HideSolutionNode = FALSE
	EndGlobalSection
	GlobalSection(ExtensibilityGlobals) = postSolution
		SolutionGuid = {76BF4757-E3E8-4578-B606-128B5B127AD6}
	EndGlobalSection
EndGlobal
